lockfileVersion: '9.0'

settings:
  autoInstallPeers: true
  excludeLinksFromLockfile: false

importers:

  .:
    devDependencies:
      '@biomejs/biome':
        specifier: ^1.9.0
        version: 1.9.4
      '@types/node':
        specifier: ^20.0.0
        version: 20.19.43
      oxlint:
        specifier: ^0.11.0
        version: 0.11.1
      typescript:
        specifier: ^5.6.0
        version: 5.9.3

  crates/turbo-xlsx-napi:
    devDependencies:
      '@napi-rs/cli':
        specifier: ^2.18.4
        version: 2.18.4

packages:

  '@biomejs/biome@1.9.4':
    resolution: {integrity: sha512-1rkd7G70+o9KkTn5KLmDYXihGoTaIGO9PIIN2ZB7UJxFrWw04CZHPYiMRjYsaDvVV7hP1dYNRLxSANLaBFGpog==}
    engines: {node: '>=14.21.3'}
    hasBin: true

  '@biomejs/cli-darwin-arm64@1.9.4':
    resolution: {integrity: sha512-bFBsPWrNvkdKrNCYeAp+xo2HecOGPAy9WyNyB/jKnnedgzl4W4Hb9ZMzYNbf8dMCGmUdSavlYHiR01QaYR58cw==}
    engines: {node: '>=14.21.3'}
    cpu: [arm64]
    os: [darwin]

  '@biomejs/cli-darwin-x64@1.9.4':
    resolution: {integrity: sha512-ngYBh/+bEedqkSevPVhLP4QfVPCpb+4BBe2p7Xs32dBgs7rh9nY2AIYUL6BgLw1JVXV8GlpKmb/hNiuIxfPfZg==}
    engines: {node: '>=14.21.3'}
    cpu: [x64]
    os: [darwin]

  '@biomejs/cli-linux-arm64-musl@1.9.4':
    resolution: {integrity: sha512-v665Ct9WCRjGa8+kTr0CzApU0+XXtRgwmzIf1SeKSGAv+2scAlW6JR5PMFo6FzqqZ64Po79cKODKf3/AAmECqA==}
    engines: {node: '>=14.21.3'}
    cpu: [arm64]
    os: [linux]

  '@biomejs/cli-linux-arm64@1.9.4':
    resolution: {integrity: sha512-fJIW0+LYujdjUgJJuwesP4EjIBl/N/TcOX3IvIHJQNsAqvV2CHIogsmA94BPG6jZATS4Hi+xv4SkBBQSt1N4/g==}
    engines: {node: '>=14.21.3'}
    cpu: [arm64]
    os: [linux]

  '@biomejs/cli-linux-x64-musl@1.9.4':
    resolution: {integrity: sha512-gEhi/jSBhZ2m6wjV530Yy8+fNqG8PAinM3oV7CyO+6c3CEh16Eizm21uHVsyVBEB6RIM8JHIl6AGYCv6Q6Q9Tg==}
    engines: {node: '>=14.21.3'}
    cpu: [x64]
    os: [linux]

  '@biomejs/cli-linux-x64@1.9.4':
    resolution: {integrity: sha512-lRCJv/Vi3Vlwmbd6K+oQ0KhLHMAysN8lXoCI7XeHlxaajk06u7G+UsFSO01NAs5iYuWKmVZjmiOzJ0OJmGsMwg==}
    engines: {node: '>=14.21.3'}
    cpu: [x64]
    os: [linux]

  '@biomejs/cli-win32-arm64@1.9.4':
    resolution: {integrity: sha512-tlbhLk+WXZmgwoIKwHIHEBZUwxml7bRJgk0X2sPyNR3S93cdRq6XulAZRQJ17FYGGzWne0fgrXBKpl7l4M87Hg==}
    engines: {node: '>=14.21.3'}
    cpu: [arm64]
    os: [win32]

  '@biomejs/cli-win32-x64@1.9.4':
    resolution: {integrity: sha512-8Y5wMhVIPaWe6jw2H+KlEm4wP/f7EW3810ZLmDlrEEy5KvBsb9ECEfu/kMWD484ijfQ8+nIi0giMgu9g1UAuuA==}
    engines: {node: '>=14.21.3'}
    cpu: [x64]
    os: [win32]

  '@napi-rs/cli@2.18.4':
    resolution: {integrity: sha512-SgJeA4df9DE2iAEpr3M2H0OKl/yjtg1BnRI5/JyowS71tUWhrfSu2LT0V3vlHET+g1hBVlrO60PmEXwUEKp8Mg==}
    engines: {node: '>= 10'}
    hasBin: true

  '@oxlint/darwin-arm64@0.11.1':
    resolution: {integrity: sha512-S+cHn49fT+qSJXhQ3Z4EG/5ENp2dAUbS2sMNkhgkLqlO8aYl0TR9R7omU3vpU/beu8ePnV+mdVlJYGjsPIMGtg==}
    cpu: [arm64]
    os: [darwin]

  '@oxlint/darwin-x64@0.11.1':
    resolution: {integrity: sha512-LPuF0D8uu30KIVEeVuGwIPwHwJRQ1i1otwFFH7tRsNXPgMgZJ4VgriyH22i6RWwBtclJoCSBLtGK6gLZ0oZBvw==}
    cpu: [x64]
    os: [darwin]

  '@oxlint/linux-arm64-gnu@0.11.1':
    resolution: {integrity: sha512-CYBE+GRIPs5e+raD2pdicuBn6Y6E1xAnyWQ/kHE4GEWDAQZY0Um2VYEUTGH2ObwJ3uXr6jeJ16HOKJvr0S8a8w==}
    cpu: [arm64]
    os: [linux]

  '@oxlint/linux-arm64-musl@0.11.1':
    resolution: {integrity: sha512-iYXF5N5Gv+lc2wt90kxXy/W0cn7IEWu3UPzewIjPGDH8ajDckvGzZx6pTGYJnTyMh7U6hUKwOBFPVLMWI7UwKQ==}
    cpu: [arm64]
    os: [linux]

  '@oxlint/linux-x64-gnu@0.11.1':
    resolution: {integrity: sha512-D0tT8X0CsK/bpdkGdLSmsGftG3VndjyAUJuNGt56JYn0UfuPDkhQcLgUlkANHzNRXJ84tLQKhpf/MUDUHPB5cg==}
    cpu: [x64]
    os: [linux]

  '@oxlint/linux-x64-musl@0.11.1':
    resolution: {integrity: sha512-WekaLYk8WLT7Di8+nyPvtqs9OlMoO6KjFDMlqqLDWQTk9ffjn8e76PCRigF3w39jQ70qP3c8k8cNKNw5ROuFcg==}
    cpu: [x64]
    os: [linux]

  '@oxlint/win32-arm64@0.11.1':
    resolution: {integrity: sha512-/CN/bFtI33vB8uemOkZxlNRf6Q7CftP2pSO7a6Q2niG4NC99YRPj7ctXcPF0jGR0NQUhGZk7ajM4G/0MKcRdag==}
    cpu: [arm64]
    os: [win32]

  '@oxlint/win32-x64@0.11.1':
    resolution: {integrity: sha512-0hLl0z6adYTvLIOPC5uyo+EAwNITkzi4AY4xImykQW8H89GhiV9Xl8MPJeZQMWSz7ajI1I2+hRsvA0QAzeBsxA==}
    cpu: [x64]
    os: [win32]

  '@types/node@20.19.43':
    resolution: {integrity: sha512-6oYBAi5ikg4Pl+kGsoYtawUMBT2zZMCvPNF7pVLnHZfd1zf38DRiWn/gT01RYCdUqkv7Fhr+C9ot4/tb+2sVvA==}

  oxlint@0.11.1:
    resolution: {integrity: sha512-yVTkBmSvn1mo69vxBdNASOGFd1oqWzpaIWPFPIXNAHxgrW7FjotKuJ71j/pqtZH/sVSRWTpQFdmBa3CIuBEILg==}
    engines: {node: '>=14.*'}
    hasBin: true

  typescript@5.9.3:
    resolution: {integrity: sha512-jl1vZzPDinLr9eUt3J/t7V6FgNEw9QjvBPdysz9KfQDD41fQrC2Y4vKQdiaUpFT4bXlb1RHhLpp8wtm6M5TgSw==}
    engines: {node: '>=14.17'}
    hasBin: true

  undici-types@6.21.0:
    resolution: {integrity: sha512-iwDZqg0QAGrg9Rav5H4n0M64c3mkR59cJ6wQp+7C4nI0gsmExaedaYLNO44eT4AtBBwjbTiGPMlt2Md0T9H9JQ==}

snapshots:

  '@biomejs/biome@1.9.4':
    optionalDependencies:
      '@biomejs/cli-darwin-arm64': 1.9.4
      '@biomejs/cli-darwin-x64': 1.9.4
      '@biomejs/cli-linux-arm64': 1.9.4
      '@biomejs/cli-linux-arm64-musl': 1.9.4
      '@biomejs/cli-linux-x64': 1.9.4
      '@biomejs/cli-linux-x64-musl': 1.9.4
      '@biomejs/cli-win32-arm64': 1.9.4
      '@biomejs/cli-win32-x64': 1.9.4

  '@biomejs/cli-darwin-arm64@1.9.4':
    optional: true

  '@biomejs/cli-darwin-x64@1.9.4':
    optional: true

  '@biomejs/cli-linux-arm64-musl@1.9.4':
    optional: true

  '@biomejs/cli-linux-arm64@1.9.4':
    optional: true

  '@biomejs/cli-linux-x64-musl@1.9.4':
    optional: true

  '@biomejs/cli-linux-x64@1.9.4':
    optional: true

  '@biomejs/cli-win32-arm64@1.9.4':
    optional: true

  '@biomejs/cli-win32-x64@1.9.4':
    optional: true

  '@napi-rs/cli@2.18.4': {}

  '@oxlint/darwin-arm64@0.11.1':
    optional: true

  '@oxlint/darwin-x64@0.11.1':
    optional: true

  '@oxlint/linux-arm64-gnu@0.11.1':
    optional: true

  '@oxlint/linux-arm64-musl@0.11.1':
    optional: true

  '@oxlint/linux-x64-gnu@0.11.1':
    optional: true

  '@oxlint/linux-x64-musl@0.11.1':
    optional: true

  '@oxlint/win32-arm64@0.11.1':
    optional: true

  '@oxlint/win32-x64@0.11.1':
    optional: true

  '@types/node@20.19.43':
    dependencies:
      undici-types: 6.21.0

  oxlint@0.11.1:
    optionalDependencies:
      '@oxlint/darwin-arm64': 0.11.1
      '@oxlint/darwin-x64': 0.11.1
      '@oxlint/linux-arm64-gnu': 0.11.1
      '@oxlint/linux-arm64-musl': 0.11.1
      '@oxlint/linux-x64-gnu': 0.11.1
      '@oxlint/linux-x64-musl': 0.11.1
      '@oxlint/win32-arm64': 0.11.1
      '@oxlint/win32-x64': 0.11.1

  typescript@5.9.3: {}

  undici-types@6.21.0: {}
